// !$*UTF8*$!
{
	archiveVersion = 1;
	classes = {
	};
	objectVersion = 77;
	objects = {

/* Begin PBXBuildFile section */
		BD0C73BE2DA64F9300BC59FD /* TestPlan.xctestplan in Resources */ = {isa = PBXBuildFile; fileRef = BD0C73BD2DA64F9300BC59FD /* TestPlan.xctestplan */; };
/* End PBXBuildFile section */

/* Begin PBXContainerItemProxy section */
		BDE2FC3E2DA4B0B8005EB7B7 /* PBXContainerItemProxy */ = {
			isa = PBXContainerItemProxy;
			containerPortal = BDE2FC242DA4B0B6005EB7B7 /* Project object */;
			proxyType = 1;
			remoteGlobalIDString = BDE2FC2B2DA4B0B6005EB7B7;
			remoteInfo = TechnicalTask;
		};
		BDE2FC482DA4B0B8005EB7B7 /* PBXContainerItemProxy */ = {
			isa = PBXContainerItemProxy;
			containerPortal = BDE2FC242DA4B0B6005EB7B7 /* Project object */;
			proxyType = 1;
			remoteGlobalIDString = BDE2FC2B2DA4B0B6005EB7B7;
			remoteInfo = TechnicalTask;
		};
/* End PBXContainerItemProxy section */

/* Begin PBXFileReference section */
		BD0C73BD2DA64F9300BC59FD /* TestPlan.xctestplan */ = {isa = PBXFileReference; lastKnownFileType = text; path = TestPlan.xctestplan; sourceTree = "<group>"; };
		BDE2FC2C2DA4B0B6005EB7B7 /* TechnicalTask.app */ = {isa = PBXFileReference; explicitFileType = wrapper.application; includeInIndex = 0; path = TechnicalTask.app; sourceTree = BUILT_PRODUCTS_DIR; };
		BDE2FC3D2DA4B0B8005EB7B7 /* TechnicalTaskTests.xctest */ = {isa = PBXFileReference; explicitFileType = wrapper.cfbundle; includeInIndex = 0; path = TechnicalTaskTests.xctest; sourceTree = BUILT_PRODUCTS_DIR; };
		BDE2FC472DA4B0B8005EB7B7 /* TechnicalTaskUITests.xctest */ = {isa = PBXFileReference; explicitFileType = wrapper.cfbundle; includeInIndex = 0; path = TechnicalTaskUITests.xctest; sourceTree = BUILT_PRODUCTS_DIR; };
/* End PBXFileReference section */

/* Begin PBXFileSystemSynchronizedRootGroup section */
		BDE2FC2E2DA4B0B6005EB7B7 /* TechnicalTask */ = {
			isa = PBXFileSystemSynchronizedRootGroup;
			path = TechnicalTask;
			sourceTree = "<group>";
		};
		BDE2FC402DA4B0B8005EB7B7 /* TechnicalTaskTests */ = {
			isa = PBXFileSystemSynchronizedRootGroup;
			path = TechnicalTaskTests;
			sourceTree = "<group>";
		};
		BDE2FC4A2DA4B0B8005EB7B7 /* TechnicalTaskUITests */ = {
			isa = PBXFileSystemSynchronizedRootGroup;
			path = TechnicalTaskUITests;
			sourceTree = "<group>";
		};
/* End PBXFileSystemSynchronizedRootGroup section */

/* Begin PBXFrameworksBuildPhase section */
		BDE2FC292DA4B0B6005EB7B7 /* Frameworks */ = {
			isa = PBXFrameworksBuildPhase;
			buildActionMask = 2147483647;
			files = (
			);
			runOnlyForDeploymentPostprocessing = 0;
		};
		BDE2FC3A2DA4B0B8005EB7B7 /* Frameworks */ = {
			isa = PBXFrameworksBuildPhase;
			buildActionMask = 2147483647;
			files = (
			);
			runOnlyForDeploymentPostprocessing = 0;
		};
		BDE2FC442DA4B0B8005EB7B7 /* Frameworks */ = {
			isa = PBXFrameworksBuildPhase;
			buildActionMask = 2147483647;
			files = (
			);
			runOnlyForDeploymentPostprocessing = 0;
		};
/* End PBXFrameworksBuildPhase section */

/* Begin PBXGroup section */
		BDE2FC232DA4B0B6005EB7B7 = {
			isa = PBXGroup;
			children = (
				BD0C73BD2DA64F9300BC59FD /* TestPlan.xctestplan */,
				BDE2FC2E2DA4B0B6005EB7B7 /* TechnicalTask */,
				BDE2FC402DA4B0B8005EB7B7 /* TechnicalTaskTests */,
				BDE2FC4A2DA4B0B8005EB7B7 /* TechnicalTaskUITests */,
				BDE2FC2D2DA4B0B6005EB7B7 /* Products */,
			);
			sourceTree = "<group>";
		};
		BDE2FC2D2DA4B0B6005EB7B7 /* Products */ = {
			isa = PBXGroup;
			children = (
				BDE2FC2C2DA4B0B6005EB7B7 /* TechnicalTask.app */,
				BDE2FC3D2DA4B0B8005EB7B7 /* TechnicalTaskTests.xctest */,
				BDE2FC472DA4B0B8005EB7B7 /* TechnicalTaskUITests.xctest */,
			);
			name = Products;
			sourceTree = "<group>";
		};
/* End PBXGroup section */

/* Begin PBXNativeTarget section */
		BDE2FC2B2DA4B0B6005EB7B7 /* TechnicalTask */ = {
			isa = PBXNativeTarget;
			buildConfigurationList = BDE2FC512DA4B0B8005EB7B7 /* Build configuration list for PBXNativeTarget "TechnicalTask" */;
			buildPhases = (
				BDE2FC282DA4B0B6005EB7B7 /* Sources */,
				BDE2FC292DA4B0B6005EB7B7 /* Frameworks */,
				BDE2FC2A2DA4B0B6005EB7B7 /* Resources */,
			);
			buildRules = (
			);
			dependencies = (
			);
			fileSystemSynchronizedGroups = (
				BDE2FC2E2DA4B0B6005EB7B7 /* TechnicalTask */,
			);
			name = TechnicalTask;
			packageProductDependencies = (
			);
			productName = TechnicalTask;
			productReference = BDE2FC2C2DA4B0B6005EB7B7 /* TechnicalTask.app */;
			productType = "com.apple.product-type.application";
		};
		BDE2FC3C2DA4B0B8005EB7B7 /* TechnicalTaskTests */ = {
			isa = PBXNativeTarget;
			buildConfigurationList = BDE2FC542DA4B0B8005EB7B7 /* Build configuration list for PBXNativeTarget "TechnicalTaskTests" */;
			buildPhases = (
				BDE2FC392DA4B0B8005EB7B7 /* Sources */,
				BDE2FC3A2DA4B0B8005EB7B7 /* Frameworks */,
				BDE2FC3B2DA4B0B8005EB7B7 /* Resources */,
			);
			buildRules = (
			);
			dependencies = (
				BDE2FC3F2DA4B0B8005EB7B7 /* PBXTargetDependency */,
			);
			fileSystemSynchronizedGroups = (
				BDE2FC402DA4B0B8005EB7B7 /* TechnicalTaskTests */,
			);
			name = TechnicalTaskTests;
			packageProductDependencies = (
			);
			productName = TechnicalTaskTests;
			productReference = BDE2FC3D2DA4B0B8005EB7B7 /* TechnicalTaskTests.xctest */;
			productType = "com.apple.product-type.bundle.unit-test";
		};
		BDE2FC462DA4B0B8005EB7B7 /* TechnicalTaskUITests */ = {
			isa = PBXNativeTarget;
			buildConfigurationList = BDE2FC572DA4B0B8005EB7B7 /* Build configuration list for PBXNativeTarget "TechnicalTaskUITests" */;
			buildPhases = (
				BDE2FC432DA4B0B8005EB7B7 /* Sources */,
				BDE2FC442DA4B0B8005EB7B7 /* Frameworks */,
				BDE2FC452DA4B0B8005EB7B7 /* Resources */,
			);
			buildRules = (
			);
			dependencies = (
				BDE2FC492DA4B0B8005EB7B7 /* PBXTargetDependency */,
			);
			fileSystemSynchronizedGroups = (
				BDE2FC4A2DA4B0B8005EB7B7 /* TechnicalTaskUITests */,
			);
			name = TechnicalTaskUITests;
			packageProductDependencies = (
			);
			productName = TechnicalTaskUITests;
			productReference = BDE2FC472DA4B0B8005EB7B7 /* TechnicalTaskUITests.xctest */;
			productType = "com.apple.product-type.bundle.ui-testing";
		};
/* End PBXNativeTarget section */

/* Begin PBXProject section */
		BDE2FC242DA4B0B6005EB7B7 /* Project object */ = {
			isa = PBXProject;
			attributes = {
				BuildIndependentTargetsInParallel = 1;
				LastSwiftUpdateCheck = 1620;
				LastUpgradeCheck = 1620;
				TargetAttributes = {
					BDE2FC2B2DA4B0B6005EB7B7 = {
						CreatedOnToolsVersion = 16.2;
					};
					BDE2FC3C2DA4B0B8005EB7B7 = {
						CreatedOnToolsVersion = 16.2;
						TestTargetID = BDE2FC2B2DA4B0B6005EB7B7;
					};
					BDE2FC462DA4B0B8005EB7B7 = {
						CreatedOnToolsVersion = 16.2;
						TestTargetID = BDE2FC2B2DA4B0B6005EB7B7;
					};
				};
			};
			buildConfigurationList = BDE2FC272DA4B0B6005EB7B7 /* Build configuration list for PBXProject "TechnicalTask" */;
			developmentRegion = en;
			hasScannedForEncodings = 0;
			knownRegions = (
				en,
				Base,
			);
			mainGroup = BDE2FC232DA4B0B6005EB7B7;
			minimizedProjectReferenceProxies = 1;
			preferredProjectObjectVersion = 77;
			productRefGroup = BDE2FC2D2DA4B0B6005EB7B7 /* Products */;
			projectDirPath = "";
			projectRoot = "";
			targets = (
				BDE2FC2B2DA4B0B6005EB7B7 /* TechnicalTask */,
				BDE2FC3C2DA4B0B8005EB7B7 /* TechnicalTaskTests */,
				BDE2FC462DA4B0B8005EB7B7 /* TechnicalTaskUITests */,
			);
		};
/* End PBXProject section */

/* Begin PBXResourcesBuildPhase section */
		BDE2FC2A2DA4B0B6005EB7B7 /* Resources */ = {
			isa = PBXResourcesBuildPhase;
			buildActionMask = 2147483647;
			files = (
				BD0C73BE2DA64F9300BC59FD /* TestPlan.xctestplan in Resources */,
			);
			runOnlyForDeploymentPostprocessing = 0;
		};
		BDE2FC3B2DA4B0B8005EB7B7 /* Resources */ = {
			isa = PBXResourcesBuildPhase;
			buildActionMask = 2147483647;
			files = (
			);
			runOnlyForDeploymentPostprocessing = 0;
		};
		BDE2FC452DA4B0B8005EB7B7 /* Resources */ = {
			isa = PBXResourcesBuildPhase;
			buildActionMask = 2147483647;
			files = (
			);
			runOnlyForDeploymentPostprocessing = 0;
		};
/* End PBXResourcesBuildPhase section */

/* Begin PBXSourcesBuildPhase section */
		BDE2FC282DA4B0B6005EB7B7 /* Sources */ = {
			isa = PBXSourcesBuildPhase;
			buildActionMask = 2147483647;
			files = (
			);
			runOnlyForDeploymentPostprocessing = 0;
		};
		BDE2FC392DA4B0B8005EB7B7 /* Sources */ = {
			isa = PBXSourcesBuildPhase;
			buildActionMask = 2147483647;
			files = (
			);
			runOnlyForDeploymentPostprocessing = 0;
		};
		BDE2FC432DA4B0B8005EB7B7 /* Sources */ = {
			isa = PBXSourcesBuildPhase;
			buildActionMask = 2147483647;
			files = (
			);
			runOnlyForDeploymentPostprocessing = 0;
		};
/* End PBXSourcesBuildPhase section */

/* Begin PBXTargetDependency section */
		BDE2FC3F2DA4B0B8005EB7B7 /* PBXTargetDependency */ = {
			isa = PBXTargetDependency;
			target = BDE2FC2B2DA4B0B6005EB7B7 /* TechnicalTask */;
			targetProxy = BDE2FC3E2DA4B0B8005EB7B7 /* PBXContainerItemProxy */;
		};
		BDE2FC492DA4B0B8005EB7B7 /* PBXTargetDependency */ = {
			isa = PBXTargetDependency;
			target = BDE2FC2B2DA4B0B6005EB7B7 /* TechnicalTask */;
			targetProxy = BDE2FC482DA4B0B8005EB7B7 /* PBXContainerItemProxy */;
		};
/* End PBXTargetDependency section */

/* Begin XCBuildConfiguration section */
		BDE2FC4F2DA4B0B8005EB7B7 /* Debug */ = {
			isa = XCBuildConfiguration;
			buildSettings = {
				ALWAYS_SEARCH_USER_PATHS = NO;
				ASSETCATALOG_COMPILER_GENERATE_SWIFT_ASSET_SYMBOL_EXTENSIONS = YES;
				CLANG_ANALYZER_NONNULL = YES;
				CLANG_ANALYZER_NUMBER_OBJECT_CONVERSION = YES_AGGRESSIVE;
				CLANG_CXX_LANGUAGE_STANDARD = "gnu++20";
				CLANG_ENABLE_MODULES = YES;
				CLANG_ENABLE_OBJC_ARC = YES;
				CLANG_ENABLE_OBJC_WEAK = YES;
				CLANG_WARN_BLOCK_CAPTURE_AUTORELEASING = YES;
				CLANG_WARN_BOOL_CONVERSION = YES;
				CLANG_WARN_COMMA = YES;
				CLANG_WARN_CONSTANT_CONVERSION = YES;
				CLANG_WARN_DEPRECATED_OBJC_IMPLEMENTATIONS = YES;
				CLANG_WARN_DIRECT_OBJC_ISA_USAGE = YES_ERROR;
				CLANG_WARN_DOCUMENTATION_COMMENTS = YES;
				CLANG_WARN_EMPTY_BODY = YES;
				CLANG_WARN_ENUM_CONVERSION = YES;
				CLANG_WARN_INFINITE_RECURSION = YES;
				CLANG_WARN_INT_CONVERSION = YES;
				CLANG_WARN_NON_LITERAL_NULL_CONVERSION = YES;
				CLANG_WARN_OBJC_IMPLICIT_RETAIN_SELF = YES;
				CLANG_WARN_OBJC_LITERAL_CONVERSION = YES;
				CLANG_WARN_OBJC_ROOT_CLASS = YES_ERROR;
				CLANG_WARN_QUOTED_INCLUDE_IN_FRAMEWORK_HEADER = YES;
				CLANG_WARN_RANGE_LOOP_ANALYSIS = YES;
				CLANG_WARN_STRICT_PROTOTYPES = YES;
				CLANG_WARN_SUSPICIOUS_MOVE = YES;
				CLANG_WARN_UNGUARDED_AVAILABILITY = YES_AGGRESSIVE;
				CLANG_WARN_UNREACHABLE_CODE = YES;
				CLANG_WARN__DUPLICATE_METHOD_MATCH = YES;
				COPY_PHASE_STRIP = NO;
				DEBUG_INFORMATION_FORMAT = dwarf;
				ENABLE_STRICT_OBJC_MSGSEND = YES;
				ENABLE_TESTABILITY = YES;
				ENABLE_USER_SCRIPT_SANDBOXING = YES;
				GCC_C_LANGUAGE_STANDARD = gnu17;
				GCC_DYNAMIC_NO_PIC = NO;
				GCC_NO_COMMON_BLOCKS = YES;
				GCC_OPTIMIZATION_LEVEL = 0;
				GCC_PREPROCESSOR_DEFINITIONS = (
					"DEBUG=1",
					"$(inherited)",
				);
				GCC_WARN_64_TO_32_BIT_CONVERSION = YES;
				GCC_WARN_ABOUT_RETURN_TYPE = YES_ERROR;
				GCC_WARN_UNDECLARED_SELECTOR = YES;
				GCC_WARN_UNINITIALIZED_AUTOS = YES_AGGRESSIVE;
				GCC_WARN_UNUSED_FUNCTION = YES;
				GCC_WARN_UNUSED_VARIABLE = YES;
				LOCALIZATION_PREFERS_STRING_CATALOGS = YES;
				MTL_ENABLE_DEBUG_INFO = INCLUDE_SOURCE;
				MTL_FAST_MATH = YES;
				ONLY_ACTIVE_ARCH = YES;
				SWIFT_ACTIVE_COMPILATION_CONDITIONS = "DEBUG $(inherited)";
				SWIFT_EMIT_LOC_STRINGS = YES;
				SWIFT_OPTIMIZATION_LEVEL = "-Onone";
			};
			name = Debug;
		};
		BDE2FC502DA4B0B8005EB7B7 /* Release */ = {
			isa = XCBuildConfiguration;
			buildSettings = {
				ALWAYS_SEARCH_USER_PATHS = NO;
				ASSETCATALOG_COMPILER_GENERATE_SWIFT_ASSET_SYMBOL_EXTENSIONS = YES;
				CLANG_ANALYZER_NONNULL = YES;
				CLANG_ANALYZER_NUMBER_OBJECT_CONVERSION = YES_AGGRESSIVE;
				CLANG_CXX_LANGUAGE_STANDARD = "gnu++20";
				CLANG_ENABLE_MODULES = YES;
				CLANG_ENABLE_OBJC_ARC = YES;
				CLANG_ENABLE_OBJC_WEAK = YES;
				CLANG_WARN_BLOCK_CAPTURE_AUTORELEASING = YES;
				CLANG_WARN_BOOL_CONVERSION = YES;
				CLANG_WARN_COMMA = YES;
				CLANG_WARN_CONSTANT_CONVERSION = YES;
				CLANG_WARN_DEPRECATED_OBJC_IMPLEMENTATIONS = YES;
				CLANG_WARN_DIRECT_OBJC_ISA_USAGE = YES_ERROR;
				CLANG_WARN_DOCUMENTATION_COMMENTS = YES;
				CLANG_WARN_EMPTY_BODY = YES;
				CLANG_WARN_ENUM_CONVERSION = YES;
				CLANG_WARN_INFINITE_RECURSION = YES;
				CLANG_WARN_INT_CONVERSION = YES;
				CLANG_WARN_NON_LITERAL_NULL_CONVERSION = YES;
				CLANG_WARN_OBJC_IMPLICIT_RETAIN_SELF = YES;
				CLANG_WARN_OBJC_LITERAL_CONVERSION = YES;
				CLANG_WARN_OBJC_ROOT_CLASS = YES_ERROR;
				CLANG_WARN_QUOTED_INCLUDE_IN_FRAMEWORK_HEADER = YES;
				CLANG_WARN_RANGE_LOOP_ANALYSIS = YES;
				CLANG_WARN_STRICT_PROTOTYPES = YES;
				CLANG_WARN_SUSPICIOUS_MOVE = YES;
				CLANG_WARN_UNGUARDED_AVAILABILITY = YES_AGGRESSIVE;
				CLANG_WARN_UNREACHABLE_CODE = YES;
				CLANG_WARN__DUPLICATE_METHOD_MATCH = YES;
				COPY_PHASE_STRIP = NO;
				DEBUG_INFORMATION_FORMAT = "dwarf-with-dsym";
				ENABLE_NS_ASSERTIONS = NO;
				ENABLE_STRICT_OBJC_MSGSEND = YES;
				ENABLE_USER_SCRIPT_SANDBOXING = YES;
				GCC_C_LANGUAGE_STANDARD = gnu17;
				GCC_NO_COMMON_BLOCKS = YES;
				GCC_WARN_64_TO_32_BIT_CONVERSION = YES;
				GCC_WARN_ABOUT_RETURN_TYPE = YES_ERROR;
				GCC_WARN_UNDECLARED_SELECTOR = YES;
				GCC_WARN_UNINITIALIZED_AUTOS = YES_AGGRESSIVE;
				GCC_WARN_UNUSED_FUNCTION = YES;
				GCC_WARN_UNUSED_VARIABLE = YES;
				LOCALIZATION_PREFERS_STRING_CATALOGS = YES;
				MTL_ENABLE_DEBUG_INFO = NO;
				MTL_FAST_MATH = YES;
				SWIFT_COMPILATION_MODE = wholemodule;
				SWIFT_EMIT_LOC_STRINGS = YES;
			};
			name = Release;
		};
		BDE2FC522DA4B0B8005EB7B7 /* Debug */ = {
			isa = XCBuildConfiguration;
			buildSettings = {
				ASSETCATALOG_COMPILER_APPICON_NAME = AppIcon;
				ASSETCATALOG_COMPILER_GLOBAL_ACCENT_COLOR_NAME = AccentColor;
				CODE_SIGN_ENTITLEMENTS = TechnicalTask/TechnicalTask.entitlements;
				CODE_SIGN_STYLE = Automatic;
				CURRENT_PROJECT_VERSION = 1;
				DEVELOPMENT_ASSET_PATHS = "\"TechnicalTask/Preview Content\"";
				DEVELOPMENT_TEAM = 63H76G88XN;
				ENABLE_HARDENED_RUNTIME = YES;
				ENABLE_PREVIEWS = YES;
				GENERATE_INFOPLIST_FILE = YES;
				"INFOPLIST_KEY_UIApplicationSceneManifest_Generation[sdk=iphoneos*]" = YES;
				"INFOPLIST_KEY_UIApplicationSceneManifest_Generation[sdk=iphonesimulator*]" = YES;
				"INFOPLIST_KEY_UIApplicationSupportsIndirectInputEvents[sdk=iphoneos*]" = YES;
				"INFOPLIST_KEY_UIApplicationSupportsIndirectInputEvents[sdk=iphonesimulator*]" = YES;
				"INFOPLIST_KEY_UILaunchScreen_Generation[sdk=iphoneos*]" = YES;
				"INFOPLIST_KEY_UILaunchScreen_Generation[sdk=iphonesimulator*]" = YES;
				"INFOPLIST_KEY_UIStatusBarStyle[sdk=iphoneos*]" = UIStatusBarStyleDefault;
				"INFOPLIST_KEY_UIStatusBarStyle[sdk=iphonesimulator*]" = UIStatusBarStyleDefault;
				INFOPLIST_KEY_UISupportedInterfaceOrientations_iPad = "UIInterfaceOrientationPortrait UIInterfaceOrientationPortraitUpsideDown UIInterfaceOrientationLandscapeLeft UIInterfaceOrientationLandscapeRight";
				INFOPLIST_KEY_UISupportedInterfaceOrientations_iPhone = "UIInterfaceOrientationPortrait UIInterfaceOrientationLandscapeLeft UIInterfaceOrientationLandscapeRight";
				IPHONEOS_DEPLOYMENT_TARGET = 18.2;
				LD_RUNPATH_SEARCH_PATHS = "@executable_path/Frameworks";
				"LD_RUNPATH_SEARCH_PATHS[sdk=macosx*]" = "@executable_path/../Frameworks";
				MACOSX_DEPLOYMENT_TARGET = 15.2;
				MARKETING_VERSION = 1.0;
				PRODUCT_BUNDLE_IDENTIFIER = None.TechnicalTask;
				PRODUCT_NAME = "$(TARGET_NAME)";
				SDKROOT = auto;
				SUPPORTED_PLATFORMS = "iphoneos iphonesimulator macosx xros xrsimulator";
				SWIFT_EMIT_LOC_STRINGS = YES;
				SWIFT_VERSION = 6.0;
				TARGETED_DEVICE_FAMILY = "1,2,7";
				XROS_DEPLOYMENT_TARGET = 2.2;
			};
			name = Debug;
		};
		BDE2FC532DA4B0B8005EB7B7 /* Release */ = {
			isa = XCBuildConfiguration;
			buildSettings = {
				ASSETCATALOG_COMPILER_APPICON_NAME = AppIcon;
				ASSETCATALOG_COMPILER_GLOBAL_ACCENT_COLOR_NAME = AccentColor;
				CODE_SIGN_ENTITLEMENTS = TechnicalTask/TechnicalTask.entitlements;
				CODE_SIGN_STYLE = Automatic;
				CURRENT_PROJECT_VERSION = 1;
				DEVELOPMENT_ASSET_PATHS = "\"TechnicalTask/Preview Content\"";
				DEVELOPMENT_TEAM = 63H76G88XN;
				ENABLE_HARDENED_RUNTIME = YES;
				ENABLE_PREVIEWS = YES;
				GENERATE_INFOPLIST_FILE = YES;
				"INFOPLIST_KEY_UIApplicationSceneManifest_Generation[sdk=iphoneos*]" = YES;
				"INFOPLIST_KEY_UIApplicationSceneManifest_Generation[sdk=iphonesimulator*]" = YES;
				"INFOPLIST_KEY_UIApplicationSupportsIndirectInputEvents[sdk=iphoneos*]" = YES;
				"INFOPLIST_KEY_UIApplicationSupportsIndirectInputEvents[sdk=iphonesimulator*]" = YES;
				"INFOPLIST_KEY_UILaunchScreen_Generation[sdk=iphoneos*]" = YES;
				"INFOPLIST_KEY_UILaunchScreen_Generation[sdk=iphonesimulator*]" = YES;
				"INFOPLIST_KEY_UIStatusBarStyle[sdk=iphoneos*]" = UIStatusBarStyleDefault;
				"INFOPLIST_KEY_UIStatusBarStyle[sdk=iphonesimulator*]" = UIStatusBarStyleDefault;
				INFOPLIST_KEY_UISupportedInterfaceOrientations_iPad = "UIInterfaceOrientationPortrait UIInterfaceOrientationPortraitUpsideDown UIInterfaceOrientationLandscapeLeft UIInterfaceOrientationLandscapeRight";
				INFOPLIST_KEY_UISupportedInterfaceOrientations_iPhone = "UIInterfaceOrientationPortrait UIInterfaceOrientationLandscapeLeft UIInterfaceOrientationLandscapeRight";
				IPHONEOS_DEPLOYMENT_TARGET = 18.2;
				LD_RUNPATH_SEARCH_PATHS = "@executable_path/Frameworks";
				"LD_RUNPATH_SEARCH_PATHS[sdk=macosx*]" = "@executable_path/../Frameworks";
				MACOSX_DEPLOYMENT_TARGET = 15.2;
				MARKETING_VERSION = 1.0;
				PRODUCT_BUNDLE_IDENTIFIER = None.TechnicalTask;
				PRODUCT_NAME = "$(TARGET_NAME)";
				SDKROOT = auto;
				SUPPORTED_PLATFORMS = "iphoneos iphonesimulator macosx xros xrsimulator";
				SWIFT_EMIT_LOC_STRINGS = YES;
				SWIFT_VERSION = 6.0;
				TARGETED_DEVICE_FAMILY = "1,2,7";
				XROS_DEPLOYMENT_TARGET = 2.2;
			};
			name = Release;
		};
		BDE2FC552DA4B0B8005EB7B7 /* Debug */ = {
			isa = XCBuildConfiguration;
			buildSettings = {
				BUNDLE_LOADER = "$(TEST_HOST)";
				CODE_SIGN_STYLE = Automatic;
				CURRENT_PROJECT_VERSION = 1;
				DEVELOPMENT_TEAM = 63H76G88XN;
				GENERATE_INFOPLIST_FILE = YES;
				IPHONEOS_DEPLOYMENT_TARGET = 18.2;
				MACOSX_DEPLOYMENT_TARGET = 15.2;
				MARKETING_VERSION = 1.0;
				PRODUCT_BUNDLE_IDENTIFIER = None.TechnicalTaskTests;
				PRODUCT_NAME = "$(TARGET_NAME)";
				SDKROOT = auto;
				SUPPORTED_PLATFORMS = "iphoneos iphonesimulator macosx xros xrsimulator";
				SWIFT_EMIT_LOC_STRINGS = NO;
				SWIFT_VERSION = 5.0;
				TARGETED_DEVICE_FAMILY = "1,2,7";
				TEST_HOST = "$(BUILT_PRODUCTS_DIR)/TechnicalTask.app/$(BUNDLE_EXECUTABLE_FOLDER_PATH)/TechnicalTask";
				XROS_DEPLOYMENT_TARGET = 2.2;
			};
			name = Debug;
		};
		BDE2FC562DA4B0B8005EB7B7 /* Release */ = {
			isa = XCBuildConfiguration;
			buildSettings = {
				BUNDLE_LOADER = "$(TEST_HOST)";
				CODE_SIGN_STYLE = Automatic;
				CURRENT_PROJECT_VERSION = 1;
				DEVELOPMENT_TEAM = 63H76G88XN;
				GENERATE_INFOPLIST_FILE = YES;
				IPHONEOS_DEPLOYMENT_TARGET = 18.2;
				MACOSX_DEPLOYMENT_TARGET = 15.2;
				MARKETING_VERSION = 1.0;
				PRODUCT_BUNDLE_IDENTIFIER = None.TechnicalTaskTests;
				PRODUCT_NAME = "$(TARGET_NAME)";
				SDKROOT = auto;
				SUPPORTED_PLATFORMS = "iphoneos iphonesimulator macosx xros xrsimulator";
				SWIFT_EMIT_LOC_STRINGS = NO;
				SWIFT_VERSION = 5.0;
				TARGETED_DEVICE_FAMILY = "1,2,7";
				TEST_HOST = "$(BUILT_PRODUCTS_DIR)/TechnicalTask.app/$(BUNDLE_EXECUTABLE_FOLDER_PATH)/TechnicalTask";
				XROS_DEPLOYMENT_TARGET = 2.2;
			};
			name = Release;
		};
		BDE2FC582DA4B0B8005EB7B7 /* Debug */ = {
			isa = XCBuildConfiguration;
			buildSettings = {
				CODE_SIGN_STYLE = Automatic;
				CURRENT_PROJECT_VERSION = 1;
				DEVELOPMENT_TEAM = 63H76G88XN;
				GENERATE_INFOPLIST_FILE = YES;
				IPHONEOS_DEPLOYMENT_TARGET = 18.2;
				MACOSX_DEPLOYMENT_TARGET = 15.2;
				MARKETING_VERSION = 1.0;
				PRODUCT_BUNDLE_IDENTIFIER = None.TechnicalTaskUITests;
				PRODUCT_NAME = "$(TARGET_NAME)";
				SDKROOT = auto;
				SUPPORTED_PLATFORMS = "iphoneos iphonesimulator macosx xros xrsimulator";
				SWIFT_EMIT_LOC_STRINGS = NO;
				SWIFT_VERSION = 5.0;
				TARGETED_DEVICE_FAMILY = "1,2,7";
				TEST_TARGET_NAME = TechnicalTask;
				XROS_DEPLOYMENT_TARGET = 2.2;
			};
			name = Debug;
		};
		BDE2FC592DA4B0B8005EB7B7 /* Release */ = {
			isa = XCBuildConfiguration;
			buildSettings = {
				CODE_SIGN_STYLE = Automatic;
				CURRENT_PROJECT_VERSION = 1;
				DEVELOPMENT_TEAM = 63H76G88XN;
				GENERATE_INFOPLIST_FILE = YES;
				IPHONEOS_DEPLOYMENT_TARGET = 18.2;
				MACOSX_DEPLOYMENT_TARGET = 15.2;
				MARKETING_VERSION = 1.0;
				PRODUCT_BUNDLE_IDENTIFIER = None.TechnicalTaskUITests;
				PRODUCT_NAME = "$(TARGET_NAME)";
				SDKROOT = auto;
				SUPPORTED_PLATFORMS = "iphoneos iphonesimulator macosx xros xrsimulator";
				SWIFT_EMIT_LOC_STRINGS = NO;
				SWIFT_VERSION = 5.0;
				TARGETED_DEVICE_FAMILY = "1,2,7";
				TEST_TARGET_NAME = TechnicalTask;
				XROS_DEPLOYMENT_TARGET = 2.2;
			};
			name = Release;
		};
/* End XCBuildConfiguration section */

/* Begin XCConfigurationList section */
		BDE2FC272DA4B0B6005EB7B7 /* Build configuration list for PBXProject "TechnicalTask" */ = {
			isa = XCConfigurationList;
			buildConfigurations = (
				BDE2FC4F2DA4B0B8005EB7B7 /* Debug */,
				BDE2FC502DA4B0B8005EB7B7 /* Release */,
			);
			defaultConfigurationIsVisible = 0;
			defaultConfigurationName = Release;
		};
		BDE2FC512DA4B0B8005EB7B7 /* Build configuration list for PBXNativeTarget "TechnicalTask" */ = {
			isa = XCConfigurationList;
			buildConfigurations = (
				BDE2FC522DA4B0B8005EB7B7 /* Debug */,
				BDE2FC532DA4B0B8005EB7B7 /* Release */,
			);
			defaultConfigurationIsVisible = 0;
			defaultConfigurationName = Release;
		};
		BDE2FC542DA4B0B8005EB7B7 /* Build configuration list for PBXNativeTarget "TechnicalTaskTests" */ = {
			isa = XCConfigurationList;
			buildConfigurations = (
				BDE2FC552DA4B0B8005EB7B7 /* Debug */,
				BDE2FC562DA4B0B8005EB7B7 /* Release */,
			);
			defaultConfigurationIsVisible = 0;
			defaultConfigurationName = Release;
		};
		BDE2FC572DA4B0B8005EB7B7 /* Build configuration list for PBXNativeTarget "TechnicalTaskUITests" */ = {
			isa = XCConfigurationList;
			buildConfigurations = (
				BDE2FC582DA4B0B8005EB7B7 /* Debug */,
				BDE2FC592DA4B0B8005EB7B7 /* Release */,
			);
			defaultConfigurationIsVisible = 0;
			defaultConfigurationName = Release;
		};
/* End XCConfigurationList section */
	};
	rootObject = BDE2FC242DA4B0B6005EB7B7 /* Project object */;
}
